Microsoft Visual Studio Solution File, Format Version 12.00
# Visual Studio Version 17
VisualStudioVersion = 17.5.2.0
MinimumVisualStudioVersion = 10.0.40219.1
Project("{2150E333-8FDC-42A3-9474-1A3956D46DE8}") = "exemplos", "exemplos", "{3DCD561C-097E-B2F2-9FD9-1D63C98D6572}"
EndProject
Project("{2150E333-8FDC-42A3-9474-1A3956D46DE8}") = "Calculadora", "Calculadora", "{9BD3278A-08F2-8A5D-686C-3BD3C5A96E8A}"
EndProject
Project("{FAE04EC0-301F-11D3-BF4B-00C04F79EFBC}") = "CalcSimples", "exemplos\Calculadora\CalcSimples\CalcSimples.csproj", "{1116670F-242C-870B-F741-866BB9E9ECD3}"
EndProject
Global
	GlobalSection(SolutionConfigurationPlatforms) = preSolution
		Debug|Any CPU = Debug|Any CPU
		Release|Any CPU = Release|Any CPU
	EndGlobalSection
	GlobalSection(ProjectConfigurationPlatforms) = postSolution
		{1116670F-242C-870B-F741-866BB9E9ECD3}.Debug|Any CPU.ActiveCfg = Debug|Any CPU
		{1116670F-242C-870B-F741-866BB9E9ECD3}.Debug|Any CPU.Build.0 = Debug|Any CPU
		{1116670F-242C-870B-F741-866BB9E9ECD3}.Release|Any CPU.ActiveCfg = Release|Any CPU
		{1116670F-242C-870B-F741-866BB9E9ECD3}.Release|Any CPU.Build.0 = Release|Any CPU
	EndGlobalSection
	GlobalSection(SolutionProperties) = preSolution
		HideSolutionNode = FALSE
	EndGlobalSection
	GlobalSection(NestedProjects) = preSolution
		{9BD3278A-08F2-8A5D-686C-3BD3C5A96E8A} = {3DCD561C-097E-B2F2-9FD9-1D63C98D6572}
		{1116670F-242C-870B-F741-866BB9E9ECD3} = {9BD3278A-08F2-8A5D-686C-3BD3C5A96E8A}
	EndGlobalSection
	GlobalSection(ExtensibilityGlobals) = postSolution
		SolutionGuid = {2F499B76-E75B-4B9A-B2AA-B7458C358A82}
	EndGlobalSection
EndGlobal
